// !$*UTF8*$!
{
	archiveVersion = 1;
	classes = {
	};
	objectVersion = 50;
	objects = {

/* Begin PBXBuildFile section */
		908AB00324F636BF00EF5BB2 /* AppDelegate.swift in Sources */ = {isa = PBXBuildFile; fileRef = 908AB00224F636BF00EF5BB2 /* AppDelegate.swift */; };
		908AB00524F636BF00EF5BB2 /* SceneDelegate.swift in Sources */ = {isa = PBXBuildFile; fileRef = 908AB00424F636BF00EF5BB2 /* SceneDelegate.swift */; };
		908AB00724F636BF00EF5BB2 /* ContentView.swift in Sources */ = {isa = PBXBuildFile; fileRef = 908AB00624F636BF00EF5BB2 /* ContentView.swift */; };
		908AB00924F636C100EF5BB2 /* Assets.xcassets in Resources */ = {isa = PBXBuildFile; fileRef = 908AB00824F636C100EF5BB2 /* Assets.xcassets */; };
		908AB00C24F636C100EF5BB2 /* Preview Assets.xcassets in Resources */ = {isa = PBXBuildFile; fileRef = 908AB00B24F636C100EF5BB2 /* Preview Assets.xcassets */; };
		908AB00F24F636C100EF5BB2 /* LaunchScreen.storyboard in Resources */ = {isa = PBXBuildFile; fileRef = 908AB00D24F636C100EF5BB2 /* LaunchScreen.storyboard */; };
/* End PBXBuildFile section */

/* Begin PBXFileReference section */
		908AAFFF24F636BF00EF5BB2 /* toUlgoon.app */ = {isa = PBXFileReference; explicitFileType = wrapper.application; includeInIndex = 0; path = toUlgoon.app; sourceTree = BUILT_PRODUCTS_DIR; };
		908AB00224F636BF00EF5BB2 /* AppDelegate.swift */ = {isa = PBXFileReference; lastKnownFileType = sourcecode.swift; path = AppDelegate.swift; sourceTree = "<group>"; };
		908AB00424F636BF00EF5BB2 /* SceneDelegate.swift */ = {isa = PBXFileReference; lastKnownFileType = sourcecode.swift; path = SceneDelegate.swift; sourceTree = "<group>"; };
		908AB00624F636BF00EF5BB2 /* ContentView.swift */ = {isa = PBXFileReference; lastKnownFileType = sourcecode.swift; path = ContentView.swift; sourceTree = "<group>"; };
		908AB00824F636C100EF5BB2 /* Assets.xcassets */ = {isa = PBXFileReference; lastKnownFileType = folder.assetcatalog; path = Assets.xcassets; sourceTree = "<group>"; };
		908AB00B24F636C100EF5BB2 /* Preview Assets.xcassets */ = {isa = PBXFileReference; lastKnownFileType = folder.assetcatalog; path = "Preview Assets.xcassets"; sourceTree = "<group>"; };
		908AB00E24F636C100EF5BB2 /* Base */ = {isa = PBXFileReference; lastKnownFileType = file.storyboard; name = Base; path = Base.lproj/LaunchScreen.storyboard; sourceTree = "<group>"; };
		908AB01024F636C100EF5BB2 /* Info.plist */ = {isa = PBXFileReference; lastKnownFileType = text.plist.xml; path = Info.plist; sourceTree = "<group>"; };
/* End PBXFileReference section */

/* Begin PBXFrameworksBuildPhase section */
		908AAFFC24F636BF00EF5BB2 /* Frameworks */ = {
			isa = PBXFrameworksBuildPhase;
			buildActionMask = 2147483647;
			files = (
			);
			runOnlyForDeploymentPostprocessing = 0;
		};
/* End PBXFrameworksBuildPhase section */

/* Begin PBXGroup section */
		908AAFF624F636BF00EF5BB2 = {
			isa = PBXGroup;
			children = (
				908AB00124F636BF00EF5BB2 /* toUlgoon */,
				908AB00024F636BF00EF5BB2 /* Products */,
			);
			sourceTree = "<group>";
		};
		908AB00024F636BF00EF5BB2 /* Products */ = {
			isa = PBXGroup;
			children = (
				908AAFFF24F636BF00EF5BB2 /* toUlgoon.app */,
			);
			name = Products;
			sourceTree = "<group>";
		};
		908AB00124F636BF00EF5BB2 /* toUlgoon */ = {
			isa = PBXGroup;
			children = (
				908AB00224F636BF00EF5BB2 /* AppDelegate.swift */,
				908AB00424F636BF00EF5BB2 /* SceneDelegate.swift */,
				908AB00624F636BF00EF5BB2 /* ContentView.swift */,
				908AB00824F636C100EF5BB2 /* Assets.xcassets */,
				908AB00D24F636C100EF5BB2 /* LaunchScreen.storyboard */,
				908AB01024F636C100EF5BB2 /* Info.plist */,
				908AB00A24F636C100EF5BB2 /* Preview Content */,
			);
			path = toUlgoon;
			sourceTree = "<group>";
		};
		908AB00A24F636C100EF5BB2 /* Preview Content */ = {
			isa = PBXGroup;
			children = (
				908AB00B24F636C100EF5BB2 /* Preview Assets.xcassets */,
			);
			path = "Preview Content";
			sourceTree = "<group>";
		};
/* End PBXGroup section */

/* Begin PBXNativeTarget section */
		908AAFFE24F636BF00EF5BB2 /* toUlgoon */ = {
			isa = PBXNativeTarget;
			buildConfigurationList = 908AB01324F636C100EF5BB2 /* Build configuration list for PBXNativeTarget "toUlgoon" */;
			buildPhases = (
				908AAFFB24F636BF00EF5BB2 /* Sources */,
				908AAFFC24F636BF00EF5BB2 /* Frameworks */,
				908AAFFD24F636BF00EF5BB2 /* Resources */,
			);
			buildRules = (
			);
			dependencies = (
			);
			name = toUlgoon;
			productName = toUlgoon;
			productReference = 908AAFFF24F636BF00EF5BB2 /* toUlgoon.app */;
			productType = "com.apple.product-type.application";
		};
/* End PBXNativeTarget section */

/* Begin PBXProject section */
		908AAFF724F636BF00EF5BB2 /* Project object */ = {
			isa = PBXProject;
			attributes = {
				LastSwiftUpdateCheck = 1160;
				LastUpgradeCheck = 1160;
				ORGANIZATIONNAME = bang71;
				TargetAttributes = {
					908AAFFE24F636BF00EF5BB2 = {
						CreatedOnToolsVersion = 11.6;
					};
				};
			};
			buildConfigurationList = 908AAFFA24F636BF00EF5BB2 /* Build configuration list for PBXProject "toUlgoon" */;
			compatibilityVersion = "Xcode 9.3";
			developmentRegion = en;
			hasScannedForEncodings = 0;
			knownRegions = (
				en,
				Base,
			);
			mainGroup = 908AAFF624F636BF00EF5BB2;
			productRefGroup = 908AB00024F636BF00EF5BB2 /* Products */;
			projectDirPath = "";
			projectRoot = "";
			targets = (
				908AAFFE24F636BF00EF5BB2 /* toUlgoon */,
			);
		};
/* End PBXProject section */

/* Begin PBXResourcesBuildPhase section */
		908AAFFD24F636BF00EF5BB2 /* Resources */ = {
			isa = PBXResourcesBuildPhase;
			buildActionMask = 2147483647;
			files = (
				908AB00F24F636C100EF5BB2 /* LaunchScreen.storyboard in Resources */,
				908AB00C24F636C100EF5BB2 /* Preview Assets.xcassets in Resources */,
				908AB00924F636C100EF5BB2 /* Assets.xcassets in Resources */,
			);
			runOnlyForDeploymentPostprocessing = 0;
		};
/* End PBXResourcesBuildPhase section */

/* Begin PBXSourcesBuildPhase section */
		908AAFFB24F636BF00EF5BB2 /* Sources */ = {
			isa = PBXSourcesBuildPhase;
			buildActionMask = 2147483647;
			files = (
				908AB00324F636BF00EF5BB2 /* AppDelegate.swift in Sources */,
				908AB00524F636BF00EF5BB2 /* SceneDelegate.swift in Sources */,
				908AB00724F636BF00EF5BB2 /* ContentView.swift in Sources */,
			);
			runOnlyForDeploymentPostprocessing = 0;
		};
/* End PBXSourcesBuildPhase section */

/* Begin PBXVariantGroup section */
		908AB00D24F636C100EF5BB2 /* LaunchScreen.storyboard */ = {
			isa = PBXVariantGroup;
			children = (
				908AB00E24F636C100EF5BB2 /* Base */,
			);
			name = LaunchScreen.storyboard;
			sourceTree = "<group>";
		};
/* End PBXVariantGroup section */

/* Begin XCBuildConfiguration section */
		908AB01124F636C100EF5BB2 /* Debug */ = {
			isa = XCBuildConfiguration;
			buildSettings = {
				ALWAYS_SEARCH_USER_PATHS = NO;
				CLANG_ANALYZER_NONNULL = YES;
				CLANG_ANALYZER_NUMBER_OBJECT_CONVERSION = YES_AGGRESSIVE;
				CLANG_CXX_LANGUAGE_STANDARD = "gnu++14";
				CLANG_CXX_LIBRARY = "libc++";
				CLANG_ENABLE_MODULES = YES;
				CLANG_ENABLE_OBJC_ARC = YES;
				CLANG_ENABLE_OBJC_WEAK = YES;
				CLANG_WARN_BLOCK_CAPTURE_AUTORELEASING = YES;
				CLANG_WARN_BOOL_CONVERSION = YES;
				CLANG_WARN_COMMA = YES;
				CLANG_WARN_CONSTANT_CONVERSION = YES;
				CLANG_WARN_DEPRECATED_OBJC_IMPLEMENTATIONS = YES;
				CLANG_WARN_DIRECT_OBJC_ISA_USAGE = YES_ERROR;
				CLANG_WARN_DOCUMENTATION_COMMENTS = YES;
				CLANG_WARN_EMPTY_BODY = YES;
				CLANG_WARN_ENUM_CONVERSION = YES;
				CLANG_WARN_INFINITE_RECURSION = YES;
				CLANG_WARN_INT_CONVERSION = YES;
				CLANG_WARN_NON_LITERAL_NULL_CONVERSION = YES;
				CLANG_WARN_OBJC_IMPLICIT_RETAIN_SELF = YES;
				CLANG_WARN_OBJC_LITERAL_CONVERSION = YES;
				CLANG_WARN_OBJC_ROOT_CLASS = YES_ERROR;
				CLANG_WARN_RANGE_LOOP_ANALYSIS = YES;
				CLANG_WARN_STRICT_PROTOTYPES = YES;
				CLANG_WARN_SUSPICIOUS_MOVE = YES;
				CLANG_WARN_UNGUARDED_AVAILABILITY = YES_AGGRESSIVE;
				CLANG_WARN_UNREACHABLE_CODE = YES;
				CLANG_WARN__DUPLICATE_METHOD_MATCH = YES;
				COPY_PHASE_STRIP = NO;
				DEBUG_INFORMATION_FORMAT = dwarf;
				ENABLE_STRICT_OBJC_MSGSEND = YES;
				ENABLE_TESTABILITY = YES;
				GCC_C_LANGUAGE_STANDARD = gnu11;
				GCC_DYNAMIC_NO_PIC = NO;
				GCC_NO_COMMON_BLOCKS = YES;
				GCC_OPTIMIZATION_LEVEL = 0;
				GCC_PREPROCESSOR_DEFINITIONS = (
					"DEBUG=1",
					"$(inherited)",
				);
				GCC_WARN_64_TO_32_BIT_CONVERSION = YES;
				GCC_WARN_ABOUT_RETURN_TYPE = YES_ERROR;
				GCC_WARN_UNDECLARED_SELECTOR = YES;
				GCC_WARN_UNINITIALIZED_AUTOS = YES_AGGRESSIVE;
				GCC_WARN_UNUSED_FUNCTION = YES;
				GCC_WARN_UNUSED_VARIABLE = YES;
				IPHONEOS_DEPLOYMENT_TARGET = 13.6;
				MTL_ENABLE_DEBUG_INFO = INCLUDE_SOURCE;
				MTL_FAST_MATH = YES;
				ONLY_ACTIVE_ARCH = YES;
				SDKROOT = iphoneos;
				SWIFT_ACTIVE_COMPILATION_CONDITIONS = DEBUG;
				SWIFT_OPTIMIZATION_LEVEL = "-Onone";
			};
			name = Debug;
		};
		908AB01224F636C100EF5BB2 /* Release */ = {
			isa = XCBuildConfiguration;
			buildSettings = {
				ALWAYS_SEARCH_USER_PATHS = NO;
				CLANG_ANALYZER_NONNULL = YES;
				CLANG_ANALYZER_NUMBER_OBJECT_CONVERSION = YES_AGGRESSIVE;
				CLANG_CXX_LANGUAGE_STANDARD = "gnu++14";
				CLANG_CXX_LIBRARY = "libc++";
				CLANG_ENABLE_MODULES = YES;
				CLANG_ENABLE_OBJC_ARC = YES;
				CLANG_ENABLE_OBJC_WEAK = YES;
				CLANG_WARN_BLOCK_CAPTURE_AUTORELEASING = YES;
				CLANG_WARN_BOOL_CONVERSION = YES;
				CLANG_WARN_COMMA = YES;
				CLANG_WARN_CONSTANT_CONVERSION = YES;
				CLANG_WARN_DEPRECATED_OBJC_IMPLEMENTATIONS = YES;
				CLANG_WARN_DIRECT_OBJC_ISA_USAGE = YES_ERROR;
				CLANG_WARN_DOCUMENTATION_COMMENTS = YES;
				CLANG_WARN_EMPTY_BODY = YES;
				CLANG_WARN_ENUM_CONVERSION = YES;
				CLANG_WARN_INFINITE_RECURSION = YES;
				CLANG_WARN_INT_CONVERSION = YES;
				CLANG_WARN_NON_LITERAL_NULL_CONVERSION = YES;
				CLANG_WARN_OBJC_IMPLICIT_RETAIN_SELF = YES;
				CLANG_WARN_OBJC_LITERAL_CONVERSION = YES;
				CLANG_WARN_OBJC_ROOT_CLASS = YES_ERROR;
				CLANG_WARN_RANGE_LOOP_ANALYSIS = YES;
				CLANG_WARN_STRICT_PROTOTYPES = YES;
				CLANG_WARN_SUSPICIOUS_MOVE = YES;
				CLANG_WARN_UNGUARDED_AVAILABILITY = YES_AGGRESSIVE;
				CLANG_WARN_UNREACHABLE_CODE = YES;
				CLANG_WARN__DUPLICATE_METHOD_MATCH = YES;
				COPY_PHASE_STRIP = NO;
				DEBUG_INFORMATION_FORMAT = "dwarf-with-dsym";
				ENABLE_NS_ASSERTIONS = NO;
				ENABLE_STRICT_OBJC_MSGSEND = YES;
				GCC_C_LANGUAGE_STANDARD = gnu11;
				GCC_NO_COMMON_BLOCKS = YES;
				GCC_WARN_64_TO_32_BIT_CONVERSION = YES;
				GCC_WARN_ABOUT_RETURN_TYPE = YES_ERROR;
				GCC_WARN_UNDECLARED_SELECTOR = YES;
				GCC_WARN_UNINITIALIZED_AUTOS = YES_AGGRESSIVE;
				GCC_WARN_UNUSED_FUNCTION = YES;
				GCC_WARN_UNUSED_VARIABLE = YES;
				IPHONEOS_DEPLOYMENT_TARGET = 13.6;
				MTL_ENABLE_DEBUG_INFO = NO;
				MTL_FAST_MATH = YES;
				SDKROOT = iphoneos;
				SWIFT_COMPILATION_MODE = wholemodule;
				SWIFT_OPTIMIZATION_LEVEL = "-O";
				VALIDATE_PRODUCT = YES;
			};
			name = Release;
		};
		908AB01424F636C100EF5BB2 /* Debug */ = {
			isa = XCBuildConfiguration;
			buildSettings = {
				ASSETCATALOG_COMPILER_APPICON_NAME = AppIcon;
				CODE_SIGN_STYLE = Automatic;
				DEVELOPMENT_ASSET_PATHS = "\"toUlgoon/Preview Content\"";
				ENABLE_PREVIEWS = YES;
				INFOPLIST_FILE = toUlgoon/Info.plist;
				LD_RUNPATH_SEARCH_PATHS = (
					"$(inherited)",
					"@executable_path/Frameworks",
				);
				PRODUCT_BUNDLE_IDENTIFIER = kr.bang71.toUlgoon;
				PRODUCT_NAME = "$(TARGET_NAME)";
				SWIFT_VERSION = 5.0;
				TARGETED_DEVICE_FAMILY = "1,2";
			};
			name = Debug;
		};
		908AB01524F636C100EF5BB2 /* Release */ = {
			isa = XCBuildConfiguration;
			buildSettings = {
				ASSETCATALOG_COMPILER_APPICON_NAME = AppIcon;
				CODE_SIGN_STYLE = Automatic;
				DEVELOPMENT_ASSET_PATHS = "\"toUlgoon/Preview Content\"";
				ENABLE_PREVIEWS = YES;
				INFOPLIST_FILE = toUlgoon/Info.plist;
				LD_RUNPATH_SEARCH_PATHS = (
					"$(inherited)",
					"@executable_path/Frameworks",
				);
				PRODUCT_BUNDLE_IDENTIFIER = kr.bang71.toUlgoon;
				PRODUCT_NAME = "$(TARGET_NAME)";
				SWIFT_VERSION = 5.0;
				TARGETED_DEVICE_FAMILY = "1,2";
			};
			name = Release;
		};
/* End XCBuildConfiguration section */

/* Begin XCConfigurationList section */
		908AAFFA24F636BF00EF5BB2 /* Build configuration list for PBXProject "toUlgoon" */ = {
			isa = XCConfigurationList;
			buildConfigurations = (
				908AB01124F636C100EF5BB2 /* Debug */,
				908AB01224F636C100EF5BB2 /* Release */,
			);
			defaultConfigurationIsVisible = 0;
			defaultConfigurationName = Release;
		};
		908AB01324F636C100EF5BB2 /* Build configuration list for PBXNativeTarget "toUlgoon" */ = {
			isa = XCConfigurationList;
			buildConfigurations = (
				908AB01424F636C100EF5BB2 /* Debug */,
				908AB01524F636C100EF5BB2 /* Release */,
			);
			defaultConfigurationIsVisible = 0;
			defaultConfigurationName = Release;
		};
/* End XCConfigurationList section */
	};
	rootObject = 908AAFF724F636BF00EF5BB2 /* Project object */;
}
